
Microsoft Visual Studio Solution File, Format Version 12.00
# Visual Studio Version 17
VisualStudioVersion = 17.6.33815.320
MinimumVisualStudioVersion = 10.0.40219.1
Project("{9A19103F-16F7-4668-BE54-9A1E7A4F7556}") = "AutoInterface", "AutoInterface\AutoInterface.csproj", "{5F23B688-1FB7-42F5-BC0A-FDA282860915}"
EndProject
Project("{9A19103F-16F7-4668-BE54-9A1E7A4F7556}") = "AutoInterface.Tests", "AutoInterface.Tests\AutoInterface.Tests.csproj", "{BB7E9E8E-F3FB-494F-9BEF-FDCEF22BB272}"
EndProject
Project("{FAE04EC0-301F-11D3-BF4B-00C04F79EFBC}") = "AutoInterface.Attributes", "AutoInterface.Attributes\AutoInterface.Attributes.csproj", "{31F3B723-F84D-42EB-B3B4-E8605EAD7BC0}"
EndProject
Global
	GlobalSection(SolutionConfigurationPlatforms) = preSolution
		Debug|Any CPU = Debug|Any CPU
		Release|Any CPU = Release|Any CPU
	EndGlobalSection
	GlobalSection(ProjectConfigurationPlatforms) = postSolution
		{5F23B688-1FB7-42F5-BC0A-FDA282860915}.Debug|Any CPU.ActiveCfg = Debug|Any CPU
		{5F23B688-1FB7-42F5-BC0A-FDA282860915}.Debug|Any CPU.Build.0 = Debug|Any CPU
		{5F23B688-1FB7-42F5-BC0A-FDA282860915}.Release|Any CPU.ActiveCfg = Release|Any CPU
		{5F23B688-1FB7-42F5-BC0A-FDA282860915}.Release|Any CPU.Build.0 = Release|Any CPU
		{BB7E9E8E-F3FB-494F-9BEF-FDCEF22BB272}.Debug|Any CPU.ActiveCfg = Debug|Any CPU
		{BB7E9E8E-F3FB-494F-9BEF-FDCEF22BB272}.Debug|Any CPU.Build.0 = Debug|Any CPU
		{BB7E9E8E-F3FB-494F-9BEF-FDCEF22BB272}.Release|Any CPU.ActiveCfg = Release|Any CPU
		{BB7E9E8E-F3FB-494F-9BEF-FDCEF22BB272}.Release|Any CPU.Build.0 = Release|Any CPU
		{31F3B723-F84D-42EB-B3B4-E8605EAD7BC0}.Debug|Any CPU.ActiveCfg = Debug|Any CPU
		{31F3B723-F84D-42EB-B3B4-E8605EAD7BC0}.Debug|Any CPU.Build.0 = Debug|Any CPU
		{31F3B723-F84D-42EB-B3B4-E8605EAD7BC0}.Release|Any CPU.ActiveCfg = Release|Any CPU
		{31F3B723-F84D-42EB-B3B4-E8605EAD7BC0}.Release|Any CPU.Build.0 = Release|Any CPU
	EndGlobalSection
	GlobalSection(SolutionProperties) = preSolution
		HideSolutionNode = FALSE
	EndGlobalSection
	GlobalSection(ExtensibilityGlobals) = postSolution
		SolutionGuid = {88D32E48-5870-4194-9FC6-641900C9212A}
	EndGlobalSection
EndGlobal
